// !$*UTF8*$!
{
	archiveVersion = 1;
	classes = {
	};
	objectVersion = 50;
	objects = {

/* Begin PBXBuildFile section */
		5D7C256821AEA683002E52AB /* AppDelegate.swift in Sources */ = {isa = PBXBuildFile; fileRef = 5D7C256721AEA683002E52AB /* AppDelegate.swift */; };
		5D7C256A21AEA683002E52AB /* ViewController.swift in Sources */ = {isa = PBXBuildFile; fileRef = 5D7C256921AEA683002E52AB /* ViewController.swift */; };
		5D7C256F21AEA684002E52AB /* Assets.xcassets in Resources */ = {isa = PBXBuildFile; fileRef = 5D7C256E21AEA684002E52AB /* Assets.xcassets */; };
		5D7C257A21AEAB6C002E52AB /* ViewController.xib in Resources */ = {isa = PBXBuildFile; fileRef = 5D7C257921AEAB6C002E52AB /* ViewController.xib */; };
		5D91BFE221AEB2B700B77196 /* Recipe.swift in Sources */ = {isa = PBXBuildFile; fileRef = 5D91BFE121AEB2B700B77196 /* Recipe.swift */; };
		5D91BFE421AEB3D700B77196 /* Category.swift in Sources */ = {isa = PBXBuildFile; fileRef = 5D91BFE321AEB3D700B77196 /* Category.swift */; };
		5D91BFE721AEBD7100B77196 /* SearchController.swift in Sources */ = {isa = PBXBuildFile; fileRef = 5D91BFE521AEBD7100B77196 /* SearchController.swift */; };
		5D91BFE821AEBD7100B77196 /* SearchController.xib in Resources */ = {isa = PBXBuildFile; fileRef = 5D91BFE621AEBD7100B77196 /* SearchController.xib */; };
		5D91BFEF21AEBDF300B77196 /* RecipeViewController.swift in Sources */ = {isa = PBXBuildFile; fileRef = 5D91BFED21AEBDF300B77196 /* RecipeViewController.swift */; };
		5D91BFF021AEBDF300B77196 /* RecipeViewController.xib in Resources */ = {isa = PBXBuildFile; fileRef = 5D91BFEE21AEBDF300B77196 /* RecipeViewController.xib */; };
		5D91BFF221AEBE7C00B77196 /* Repository.swift in Sources */ = {isa = PBXBuildFile; fileRef = 5D91BFF121AEBE7C00B77196 /* Repository.swift */; };
		5D91BFF521AECBBC00B77196 /* TableViewCellCategory.swift in Sources */ = {isa = PBXBuildFile; fileRef = 5D91BFF321AECBBC00B77196 /* TableViewCellCategory.swift */; };
		5D91BFF621AECBBC00B77196 /* TableViewCellCategory.xib in Resources */ = {isa = PBXBuildFile; fileRef = 5D91BFF421AECBBC00B77196 /* TableViewCellCategory.xib */; };
		5DED745021B1534200397F49 /* Geo.swift in Sources */ = {isa = PBXBuildFile; fileRef = 5DED744F21B1534200397F49 /* Geo.swift */; };
		5DED745321B15EEA00397F49 /* RecipeDetailsViewController.swift in Sources */ = {isa = PBXBuildFile; fileRef = 5DED745121B15EEA00397F49 /* RecipeDetailsViewController.swift */; };
		5DED745421B15EEA00397F49 /* RecipeDetailsViewController.xib in Resources */ = {isa = PBXBuildFile; fileRef = 5DED745221B15EEA00397F49 /* RecipeDetailsViewController.xib */; };
		5DED745721B163F000397F49 /* RecipeTableViewCell.swift in Sources */ = {isa = PBXBuildFile; fileRef = 5DED745521B163F000397F49 /* RecipeTableViewCell.swift */; };
		5DED745821B163F000397F49 /* RecipeTableViewCell.xib in Resources */ = {isa = PBXBuildFile; fileRef = 5DED745621B163F000397F49 /* RecipeTableViewCell.xib */; };
		5DED745B21B18F6100397F49 /* MapViewController.swift in Sources */ = {isa = PBXBuildFile; fileRef = 5DED745921B18F6100397F49 /* MapViewController.swift */; };
		5DED745C21B18F6100397F49 /* MapViewController.xib in Resources */ = {isa = PBXBuildFile; fileRef = 5DED745A21B18F6100397F49 /* MapViewController.xib */; };
		B8F7D1E6A00AAF1B9393742C /* Pods_zsip.framework in Frameworks */ = {isa = PBXBuildFile; fileRef = AB0A0503C45B51F1AA21C276 /* Pods_zsip.framework */; };
/* End PBXBuildFile section */

/* Begin PBXFileReference section */
		5D7C256421AEA683002E52AB /* zsip.app */ = {isa = PBXFileReference; explicitFileType = wrapper.application; includeInIndex = 0; path = zsip.app; sourceTree = BUILT_PRODUCTS_DIR; };
		5D7C256721AEA683002E52AB /* AppDelegate.swift */ = {isa = PBXFileReference; lastKnownFileType = sourcecode.swift; path = AppDelegate.swift; sourceTree = "<group>"; };
		5D7C256921AEA683002E52AB /* ViewController.swift */ = {isa = PBXFileReference; lastKnownFileType = sourcecode.swift; path = ViewController.swift; sourceTree = "<group>"; };
		5D7C256E21AEA684002E52AB /* Assets.xcassets */ = {isa = PBXFileReference; lastKnownFileType = folder.assetcatalog; path = Assets.xcassets; sourceTree = "<group>"; };
		5D7C257321AEA684002E52AB /* Info.plist */ = {isa = PBXFileReference; lastKnownFileType = text.plist.xml; path = Info.plist; sourceTree = "<group>"; };
		5D7C257921AEAB6C002E52AB /* ViewController.xib */ = {isa = PBXFileReference; lastKnownFileType = file.xib; path = ViewController.xib; sourceTree = "<group>"; };
		5D91BFE121AEB2B700B77196 /* Recipe.swift */ = {isa = PBXFileReference; lastKnownFileType = sourcecode.swift; path = Recipe.swift; sourceTree = "<group>"; };
		5D91BFE321AEB3D700B77196 /* Category.swift */ = {isa = PBXFileReference; lastKnownFileType = sourcecode.swift; path = Category.swift; sourceTree = "<group>"; };
		5D91BFE521AEBD7100B77196 /* SearchController.swift */ = {isa = PBXFileReference; lastKnownFileType = sourcecode.swift; path = SearchController.swift; sourceTree = "<group>"; };
		5D91BFE621AEBD7100B77196 /* SearchController.xib */ = {isa = PBXFileReference; lastKnownFileType = file.xib; path = SearchController.xib; sourceTree = "<group>"; };
		5D91BFED21AEBDF300B77196 /* RecipeViewController.swift */ = {isa = PBXFileReference; lastKnownFileType = sourcecode.swift; path = RecipeViewController.swift; sourceTree = "<group>"; };
		5D91BFEE21AEBDF300B77196 /* RecipeViewController.xib */ = {isa = PBXFileReference; lastKnownFileType = file.xib; path = RecipeViewController.xib; sourceTree = "<group>"; };
		5D91BFF121AEBE7C00B77196 /* Repository.swift */ = {isa = PBXFileReference; lastKnownFileType = sourcecode.swift; path = Repository.swift; sourceTree = "<group>"; };
		5D91BFF321AECBBC00B77196 /* TableViewCellCategory.swift */ = {isa = PBXFileReference; lastKnownFileType = sourcecode.swift; path = TableViewCellCategory.swift; sourceTree = "<group>"; };
		5D91BFF421AECBBC00B77196 /* TableViewCellCategory.xib */ = {isa = PBXFileReference; lastKnownFileType = file.xib; path = TableViewCellCategory.xib; sourceTree = "<group>"; };
		5DED744F21B1534200397F49 /* Geo.swift */ = {isa = PBXFileReference; lastKnownFileType = sourcecode.swift; path = Geo.swift; sourceTree = "<group>"; };
		5DED745121B15EEA00397F49 /* RecipeDetailsViewController.swift */ = {isa = PBXFileReference; lastKnownFileType = sourcecode.swift; path = RecipeDetailsViewController.swift; sourceTree = "<group>"; };
		5DED745221B15EEA00397F49 /* RecipeDetailsViewController.xib */ = {isa = PBXFileReference; lastKnownFileType = file.xib; path = RecipeDetailsViewController.xib; sourceTree = "<group>"; };
		5DED745521B163F000397F49 /* RecipeTableViewCell.swift */ = {isa = PBXFileReference; lastKnownFileType = sourcecode.swift; path = RecipeTableViewCell.swift; sourceTree = "<group>"; };
		5DED745621B163F000397F49 /* RecipeTableViewCell.xib */ = {isa = PBXFileReference; lastKnownFileType = file.xib; path = RecipeTableViewCell.xib; sourceTree = "<group>"; };
		5DED745921B18F6100397F49 /* MapViewController.swift */ = {isa = PBXFileReference; lastKnownFileType = sourcecode.swift; path = MapViewController.swift; sourceTree = "<group>"; };
		5DED745A21B18F6100397F49 /* MapViewController.xib */ = {isa = PBXFileReference; lastKnownFileType = file.xib; path = MapViewController.xib; sourceTree = "<group>"; };
		7A76B540E594DCC590B1C7F3 /* Pods-zsip.release.xcconfig */ = {isa = PBXFileReference; includeInIndex = 1; lastKnownFileType = text.xcconfig; name = "Pods-zsip.release.xcconfig"; path = "Pods/Target Support Files/Pods-zsip/Pods-zsip.release.xcconfig"; sourceTree = "<group>"; };
		A473D3D55F7F8943B0A9F722 /* Pods-zsip.debug.xcconfig */ = {isa = PBXFileReference; includeInIndex = 1; lastKnownFileType = text.xcconfig; name = "Pods-zsip.debug.xcconfig"; path = "Pods/Target Support Files/Pods-zsip/Pods-zsip.debug.xcconfig"; sourceTree = "<group>"; };
		AB0A0503C45B51F1AA21C276 /* Pods_zsip.framework */ = {isa = PBXFileReference; explicitFileType = wrapper.framework; includeInIndex = 0; path = Pods_zsip.framework; sourceTree = BUILT_PRODUCTS_DIR; };
/* End PBXFileReference section */

/* Begin PBXFrameworksBuildPhase section */
		5D7C256121AEA683002E52AB /* Frameworks */ = {
			isa = PBXFrameworksBuildPhase;
			buildActionMask = 2147483647;
			files = (
				B8F7D1E6A00AAF1B9393742C /* Pods_zsip.framework in Frameworks */,
			);
			runOnlyForDeploymentPostprocessing = 0;
		};
/* End PBXFrameworksBuildPhase section */

/* Begin PBXGroup section */
		3DA2041E7611BA8B08A639D2 /* Frameworks */ = {
			isa = PBXGroup;
			children = (
				AB0A0503C45B51F1AA21C276 /* Pods_zsip.framework */,
			);
			name = Frameworks;
			sourceTree = "<group>";
		};
		5D7C255B21AEA683002E52AB = {
			isa = PBXGroup;
			children = (
				5D7C256621AEA683002E52AB /* zsip */,
				5D7C256521AEA683002E52AB /* Products */,
				836C15FAB8C989746DE45128 /* Pods */,
				3DA2041E7611BA8B08A639D2 /* Frameworks */,
			);
			sourceTree = "<group>";
		};
		5D7C256521AEA683002E52AB /* Products */ = {
			isa = PBXGroup;
			children = (
				5D7C256421AEA683002E52AB /* zsip.app */,
			);
			name = Products;
			sourceTree = "<group>";
		};
		5D7C256621AEA683002E52AB /* zsip */ = {
			isa = PBXGroup;
			children = (
				5D7C256721AEA683002E52AB /* AppDelegate.swift */,
				5D7C256921AEA683002E52AB /* ViewController.swift */,
				5D7C257921AEAB6C002E52AB /* ViewController.xib */,
				5D7C256E21AEA684002E52AB /* Assets.xcassets */,
				5D7C257321AEA684002E52AB /* Info.plist */,
				5D91BFE121AEB2B700B77196 /* Recipe.swift */,
				5D91BFE321AEB3D700B77196 /* Category.swift */,
				5D91BFE521AEBD7100B77196 /* SearchController.swift */,
				5D91BFE621AEBD7100B77196 /* SearchController.xib */,
				5D91BFED21AEBDF300B77196 /* RecipeViewController.swift */,
				5D91BFEE21AEBDF300B77196 /* RecipeViewController.xib */,
				5D91BFF121AEBE7C00B77196 /* Repository.swift */,
				5D91BFF321AECBBC00B77196 /* TableViewCellCategory.swift */,
				5D91BFF421AECBBC00B77196 /* TableViewCellCategory.xib */,
				5DED744F21B1534200397F49 /* Geo.swift */,
				5DED745121B15EEA00397F49 /* RecipeDetailsViewController.swift */,
				5DED745221B15EEA00397F49 /* RecipeDetailsViewController.xib */,
				5DED745521B163F000397F49 /* RecipeTableViewCell.swift */,
				5DED745621B163F000397F49 /* RecipeTableViewCell.xib */,
				5DED745921B18F6100397F49 /* MapViewController.swift */,
				5DED745A21B18F6100397F49 /* MapViewController.xib */,
			);
			path = zsip;
			sourceTree = "<group>";
		};
		836C15FAB8C989746DE45128 /* Pods */ = {
			isa = PBXGroup;
			children = (
				A473D3D55F7F8943B0A9F722 /* Pods-zsip.debug.xcconfig */,
				7A76B540E594DCC590B1C7F3 /* Pods-zsip.release.xcconfig */,
			);
			name = Pods;
			sourceTree = "<group>";
		};
/* End PBXGroup section */

/* Begin PBXNativeTarget section */
		5D7C256321AEA683002E52AB /* zsip */ = {
			isa = PBXNativeTarget;
			buildConfigurationList = 5D7C257621AEA684002E52AB /* Build configuration list for PBXNativeTarget "zsip" */;
			buildPhases = (
				E2AD7154081C48827DDE4186 /* [CP] Check Pods Manifest.lock */,
				5D7C256021AEA683002E52AB /* Sources */,
				5D7C256121AEA683002E52AB /* Frameworks */,
				5D7C256221AEA683002E52AB /* Resources */,
				9CB9220773F782F111A4A85B /* [CP] Embed Pods Frameworks */,
			);
			buildRules = (
			);
			dependencies = (
			);
			name = zsip;
			productName = zsip;
			productReference = 5D7C256421AEA683002E52AB /* zsip.app */;
			productType = "com.apple.product-type.application";
		};
/* End PBXNativeTarget section */

/* Begin PBXProject section */
		5D7C255C21AEA683002E52AB /* Project object */ = {
			isa = PBXProject;
			attributes = {
				LastSwiftUpdateCheck = 0930;
				LastUpgradeCheck = 0930;
				ORGANIZATIONNAME = "ELIAS PERIAÑEZ AGUILERA";
				TargetAttributes = {
					5D7C256321AEA683002E52AB = {
						CreatedOnToolsVersion = 9.3;
					};
				};
			};
			buildConfigurationList = 5D7C255F21AEA683002E52AB /* Build configuration list for PBXProject "zsip" */;
			compatibilityVersion = "Xcode 9.3";
			developmentRegion = en;
			hasScannedForEncodings = 0;
			knownRegions = (
				en,
				Base,
			);
			mainGroup = 5D7C255B21AEA683002E52AB;
			productRefGroup = 5D7C256521AEA683002E52AB /* Products */;
			projectDirPath = "";
			projectRoot = "";
			targets = (
				5D7C256321AEA683002E52AB /* zsip */,
			);
		};
/* End PBXProject section */

/* Begin PBXResourcesBuildPhase section */
		5D7C256221AEA683002E52AB /* Resources */ = {
			isa = PBXResourcesBuildPhase;
			buildActionMask = 2147483647;
			files = (
				5D91BFF621AECBBC00B77196 /* TableViewCellCategory.xib in Resources */,
				5DED745421B15EEA00397F49 /* RecipeDetailsViewController.xib in Resources */,
				5DED745821B163F000397F49 /* RecipeTableViewCell.xib in Resources */,
				5DED745C21B18F6100397F49 /* MapViewController.xib in Resources */,
				5D91BFF021AEBDF300B77196 /* RecipeViewController.xib in Resources */,
				5D7C257A21AEAB6C002E52AB /* ViewController.xib in Resources */,
				5D91BFE821AEBD7100B77196 /* SearchController.xib in Resources */,
				5D7C256F21AEA684002E52AB /* Assets.xcassets in Resources */,
			);
			runOnlyForDeploymentPostprocessing = 0;
		};
/* End PBXResourcesBuildPhase section */

/* Begin PBXShellScriptBuildPhase section */
		9CB9220773F782F111A4A85B /* [CP] Embed Pods Frameworks */ = {
			isa = PBXShellScriptBuildPhase;
			buildActionMask = 2147483647;
			files = (
			);
			inputPaths = (
				"${SRCROOT}/Pods/Target Support Files/Pods-zsip/Pods-zsip-frameworks.sh",
				"${BUILT_PRODUCTS_DIR}/SDWebImage/SDWebImage.framework",
			);
			name = "[CP] Embed Pods Frameworks";
			outputPaths = (
				"${TARGET_BUILD_DIR}/${FRAMEWORKS_FOLDER_PATH}/SDWebImage.framework",
			);
			runOnlyForDeploymentPostprocessing = 0;
			shellPath = /bin/sh;
			shellScript = "\"${SRCROOT}/Pods/Target Support Files/Pods-zsip/Pods-zsip-frameworks.sh\"\n";
			showEnvVarsInLog = 0;
		};
		E2AD7154081C48827DDE4186 /* [CP] Check Pods Manifest.lock */ = {
			isa = PBXShellScriptBuildPhase;
			buildActionMask = 2147483647;
			files = (
			);
			inputPaths = (
				"${PODS_PODFILE_DIR_PATH}/Podfile.lock",
				"${PODS_ROOT}/Manifest.lock",
			);
			name = "[CP] Check Pods Manifest.lock";
			outputPaths = (
				"$(DERIVED_FILE_DIR)/Pods-zsip-checkManifestLockResult.txt",
			);
			runOnlyForDeploymentPostprocessing = 0;
			shellPath = /bin/sh;
			shellScript = "diff \"${PODS_PODFILE_DIR_PATH}/Podfile.lock\" \"${PODS_ROOT}/Manifest.lock\" > /dev/null\nif [ $? != 0 ] ; then\n    # print error to STDERR\n    echo \"error: The sandbox is not in sync with the Podfile.lock. Run 'pod install' or update your CocoaPods installation.\" >&2\n    exit 1\nfi\n# This output is used by Xcode 'outputs' to avoid re-running this script phase.\necho \"SUCCESS\" > \"${SCRIPT_OUTPUT_FILE_0}\"\n";
			showEnvVarsInLog = 0;
		};
/* End PBXShellScriptBuildPhase section */

/* Begin PBXSourcesBuildPhase section */
		5D7C256021AEA683002E52AB /* Sources */ = {
			isa = PBXSourcesBuildPhase;
			buildActionMask = 2147483647;
			files = (
				5D91BFF221AEBE7C00B77196 /* Repository.swift in Sources */,
				5D91BFE221AEB2B700B77196 /* Recipe.swift in Sources */,
				5D91BFE721AEBD7100B77196 /* SearchController.swift in Sources */,
				5DED745321B15EEA00397F49 /* RecipeDetailsViewController.swift in Sources */,
				5D91BFEF21AEBDF300B77196 /* RecipeViewController.swift in Sources */,
				5DED745721B163F000397F49 /* RecipeTableViewCell.swift in Sources */,
				5D7C256A21AEA683002E52AB /* ViewController.swift in Sources */,
				5DED745B21B18F6100397F49 /* MapViewController.swift in Sources */,
				5D7C256821AEA683002E52AB /* AppDelegate.swift in Sources */,
				5D91BFE421AEB3D700B77196 /* Category.swift in Sources */,
				5D91BFF521AECBBC00B77196 /* TableViewCellCategory.swift in Sources */,
				5DED745021B1534200397F49 /* Geo.swift in Sources */,
			);
			runOnlyForDeploymentPostprocessing = 0;
		};
/* End PBXSourcesBuildPhase section */

/* Begin XCBuildConfiguration section */
		5D7C257421AEA684002E52AB /* Debug */ = {
			isa = XCBuildConfiguration;
			buildSettings = {
				ALWAYS_SEARCH_USER_PATHS = NO;
				CLANG_ANALYZER_NONNULL = YES;
				CLANG_ANALYZER_NUMBER_OBJECT_CONVERSION = YES_AGGRESSIVE;
				CLANG_CXX_LANGUAGE_STANDARD = "gnu++14";
				CLANG_CXX_LIBRARY = "libc++";
				CLANG_ENABLE_MODULES = YES;
				CLANG_ENABLE_OBJC_ARC = YES;
				CLANG_ENABLE_OBJC_WEAK = YES;
				CLANG_WARN_BLOCK_CAPTURE_AUTORELEASING = YES;
				CLANG_WARN_BOOL_CONVERSION = YES;
				CLANG_WARN_COMMA = YES;
				CLANG_WARN_CONSTANT_CONVERSION = YES;
				CLANG_WARN_DEPRECATED_OBJC_IMPLEMENTATIONS = YES;
				CLANG_WARN_DIRECT_OBJC_ISA_USAGE = YES_ERROR;
				CLANG_WARN_DOCUMENTATION_COMMENTS = YES;
				CLANG_WARN_EMPTY_BODY = YES;
				CLANG_WARN_ENUM_CONVERSION = YES;
				CLANG_WARN_INFINITE_RECURSION = YES;
				CLANG_WARN_INT_CONVERSION = YES;
				CLANG_WARN_NON_LITERAL_NULL_CONVERSION = YES;
				CLANG_WARN_OBJC_IMPLICIT_RETAIN_SELF = YES;
				CLANG_WARN_OBJC_LITERAL_CONVERSION = YES;
				CLANG_WARN_OBJC_ROOT_CLASS = YES_ERROR;
				CLANG_WARN_RANGE_LOOP_ANALYSIS = YES;
				CLANG_WARN_STRICT_PROTOTYPES = YES;
				CLANG_WARN_SUSPICIOUS_MOVE = YES;
				CLANG_WARN_UNGUARDED_AVAILABILITY = YES_AGGRESSIVE;
				CLANG_WARN_UNREACHABLE_CODE = YES;
				CLANG_WARN__DUPLICATE_METHOD_MATCH = YES;
				CODE_SIGN_IDENTITY = "iPhone Developer";
				COPY_PHASE_STRIP = NO;
				DEBUG_INFORMATION_FORMAT = dwarf;
				ENABLE_STRICT_OBJC_MSGSEND = YES;
				ENABLE_TESTABILITY = YES;
				GCC_C_LANGUAGE_STANDARD = gnu11;
				GCC_DYNAMIC_NO_PIC = NO;
				GCC_NO_COMMON_BLOCKS = YES;
				GCC_OPTIMIZATION_LEVEL = 0;
				GCC_PREPROCESSOR_DEFINITIONS = (
					"DEBUG=1",
					"$(inherited)",
				);
				GCC_WARN_64_TO_32_BIT_CONVERSION = YES;
				GCC_WARN_ABOUT_RETURN_TYPE = YES_ERROR;
				GCC_WARN_UNDECLARED_SELECTOR = YES;
				GCC_WARN_UNINITIALIZED_AUTOS = YES_AGGRESSIVE;
				GCC_WARN_UNUSED_FUNCTION = YES;
				GCC_WARN_UNUSED_VARIABLE = YES;
				IPHONEOS_DEPLOYMENT_TARGET = 11.3;
				MTL_ENABLE_DEBUG_INFO = YES;
				ONLY_ACTIVE_ARCH = YES;
				SDKROOT = iphoneos;
				SWIFT_ACTIVE_COMPILATION_CONDITIONS = DEBUG;
				SWIFT_OPTIMIZATION_LEVEL = "-Onone";
			};
			name = Debug;
		};
		5D7C257521AEA684002E52AB /* Release */ = {
			isa = XCBuildConfiguration;
			buildSettings = {
				ALWAYS_SEARCH_USER_PATHS = NO;
				CLANG_ANALYZER_NONNULL = YES;
				CLANG_ANALYZER_NUMBER_OBJECT_CONVERSION = YES_AGGRESSIVE;
				CLANG_CXX_LANGUAGE_STANDARD = "gnu++14";
				CLANG_CXX_LIBRARY = "libc++";
				CLANG_ENABLE_MODULES = YES;
				CLANG_ENABLE_OBJC_ARC = YES;
				CLANG_ENABLE_OBJC_WEAK = YES;
				CLANG_WARN_BLOCK_CAPTURE_AUTORELEASING = YES;
				CLANG_WARN_BOOL_CONVERSION = YES;
				CLANG_WARN_COMMA = YES;
				CLANG_WARN_CONSTANT_CONVERSION = YES;
				CLANG_WARN_DEPRECATED_OBJC_IMPLEMENTATIONS = YES;
				CLANG_WARN_DIRECT_OBJC_ISA_USAGE = YES_ERROR;
				CLANG_WARN_DOCUMENTATION_COMMENTS = YES;
				CLANG_WARN_EMPTY_BODY = YES;
				CLANG_WARN_ENUM_CONVERSION = YES;
				CLANG_WARN_INFINITE_RECURSION = YES;
				CLANG_WARN_INT_CONVERSION = YES;
				CLANG_WARN_NON_LITERAL_NULL_CONVERSION = YES;
				CLANG_WARN_OBJC_IMPLICIT_RETAIN_SELF = YES;
				CLANG_WARN_OBJC_LITERAL_CONVERSION = YES;
				CLANG_WARN_OBJC_ROOT_CLASS = YES_ERROR;
				CLANG_WARN_RANGE_LOOP_ANALYSIS = YES;
				CLANG_WARN_STRICT_PROTOTYPES = YES;
				CLANG_WARN_SUSPICIOUS_MOVE = YES;
				CLANG_WARN_UNGUARDED_AVAILABILITY = YES_AGGRESSIVE;
				CLANG_WARN_UNREACHABLE_CODE = YES;
				CLANG_WARN__DUPLICATE_METHOD_MATCH = YES;
				CODE_SIGN_IDENTITY = "iPhone Developer";
				COPY_PHASE_STRIP = NO;
				DEBUG_INFORMATION_FORMAT = "dwarf-with-dsym";
				ENABLE_NS_ASSERTIONS = NO;
				ENABLE_STRICT_OBJC_MSGSEND = YES;
				GCC_C_LANGUAGE_STANDARD = gnu11;
				GCC_NO_COMMON_BLOCKS = YES;
				GCC_WARN_64_TO_32_BIT_CONVERSION = YES;
				GCC_WARN_ABOUT_RETURN_TYPE = YES_ERROR;
				GCC_WARN_UNDECLARED_SELECTOR = YES;
				GCC_WARN_UNINITIALIZED_AUTOS = YES_AGGRESSIVE;
				GCC_WARN_UNUSED_FUNCTION = YES;
				GCC_WARN_UNUSED_VARIABLE = YES;
				IPHONEOS_DEPLOYMENT_TARGET = 11.3;
				MTL_ENABLE_DEBUG_INFO = NO;
				SDKROOT = iphoneos;
				SWIFT_COMPILATION_MODE = wholemodule;
				SWIFT_OPTIMIZATION_LEVEL = "-O";
				VALIDATE_PRODUCT = YES;
			};
			name = Release;
		};
		5D7C257721AEA684002E52AB /* Debug */ = {
			isa = XCBuildConfiguration;
			baseConfigurationReference = A473D3D55F7F8943B0A9F722 /* Pods-zsip.debug.xcconfig */;
			buildSettings = {
				ASSETCATALOG_COMPILER_APPICON_NAME = AppIcon;
				CODE_SIGN_STYLE = Automatic;
				INFOPLIST_FILE = zsip/Info.plist;
				LD_RUNPATH_SEARCH_PATHS = (
					"$(inherited)",
					"@executable_path/Frameworks",
				);
				PRODUCT_BUNDLE_IDENTIFIER = megarecetas.com.zsip;
				PRODUCT_NAME = "$(TARGET_NAME)";
				SWIFT_VERSION = 4.0;
				TARGETED_DEVICE_FAMILY = "1,2";
			};
			name = Debug;
		};
		5D7C257821AEA684002E52AB /* Release */ = {
			isa = XCBuildConfiguration;
			baseConfigurationReference = 7A76B540E594DCC590B1C7F3 /* Pods-zsip.release.xcconfig */;
			buildSettings = {
				ASSETCATALOG_COMPILER_APPICON_NAME = AppIcon;
				CODE_SIGN_STYLE = Automatic;
				INFOPLIST_FILE = zsip/Info.plist;
				LD_RUNPATH_SEARCH_PATHS = (
					"$(inherited)",
					"@executable_path/Frameworks",
				);
				PRODUCT_BUNDLE_IDENTIFIER = megarecetas.com.zsip;
				PRODUCT_NAME = "$(TARGET_NAME)";
				SWIFT_VERSION = 4.0;
				TARGETED_DEVICE_FAMILY = "1,2";
			};
			name = Release;
		};
/* End XCBuildConfiguration section */

/* Begin XCConfigurationList section */
		5D7C255F21AEA683002E52AB /* Build configuration list for PBXProject "zsip" */ = {
			isa = XCConfigurationList;
			buildConfigurations = (
				5D7C257421AEA684002E52AB /* Debug */,
				5D7C257521AEA684002E52AB /* Release */,
			);
			defaultConfigurationIsVisible = 0;
			defaultConfigurationName = Release;
		};
		5D7C257621AEA684002E52AB /* Build configuration list for PBXNativeTarget "zsip" */ = {
			isa = XCConfigurationList;
			buildConfigurations = (
				5D7C257721AEA684002E52AB /* Debug */,
				5D7C257821AEA684002E52AB /* Release */,
			);
			defaultConfigurationIsVisible = 0;
			defaultConfigurationName = Release;
		};
/* End XCConfigurationList section */
	};
	rootObject = 5D7C255C21AEA683002E52AB /* Project object */;
}
